// !$*UTF8*$!
{
	archiveVersion = 1;
	classes = {
	};
	objectVersion = 54;
	objects = {

/* Begin PBXBuildFile section */
		00E356F31AD99517003FC87E /* babyPhoto3Tests.m in Sources */ = {isa = PBXBuildFile; fileRef = 00E356F21AD99517003FC87E /* babyPhoto3Tests.m */; };
		0C80B921A6F3F58F76C31292 /* libPods-babyPhoto3.a in Frameworks */ = {isa = PBXBuildFile; fileRef = 5DCACB8F33CDC322A6C60F78 /* libPods-babyPhoto3.a */; };
		13B07FBC1A68108700A75B9A /* AppDelegate.mm in Sources */ = {isa = PBXBuildFile; fileRef = 13B07FB01A68108700A75B9A /* AppDelegate.mm */; };
		13B07FBF1A68108700A75B9A /* Images.xcassets in Resources */ = {isa = PBXBuildFile; fileRef = 13B07FB51A68108700A75B9A /* Images.xcassets */; };
		13B07FC11A68108700A75B9A /* main.m in Sources */ = {isa = PBXBuildFile; fileRef = 13B07FB71A68108700A75B9A /* main.m */; };
		7699B88040F8A987B510C191 /* libPods-babyPhoto3-babyPhoto3Tests.a in Frameworks */ = {isa = PBXBuildFile; fileRef = 19F6CBCC0A4E27FBF8BF4A61 /* libPods-babyPhoto3-babyPhoto3Tests.a */; };
		81AB9BB82411601600AC10FF /* LaunchScreen.storyboard in Resources */ = {isa = PBXBuildFile; fileRef = 81AB9BB72411601600AC10FF /* LaunchScreen.storyboard */; };
		E630FD84E4D64422B02CFFB7 /* 1.ttf in Resources */ = {isa = PBXBuildFile; fileRef = 5E8E90BCE2F94FDCA4908AC7 /* 1.ttf */; };
		6FE33007B3914AE5B32A7976 /* 10.ttf in Resources */ = {isa = PBXBuildFile; fileRef = B0BD35F8631D49299DCC9CDA /* 10.ttf */; };
		ECDB1D44E08F45B5B82BBD02 /* 11.ttf in Resources */ = {isa = PBXBuildFile; fileRef = 9D5AB035A7C24A188DCAB590 /* 11.ttf */; };
		EB3D1B08F6AF43D28CBBA57A /* 12.ttf in Resources */ = {isa = PBXBuildFile; fileRef = EC3110AC451B4ED9A7FA97E0 /* 12.ttf */; };
		B6DB7BFCA7654A7F8554D531 /* 13.ttf in Resources */ = {isa = PBXBuildFile; fileRef = F39C4E19148A45EA9A6DE128 /* 13.ttf */; };
		449B5248EAA4471C88F5F4C3 /* 14.ttf in Resources */ = {isa = PBXBuildFile; fileRef = 8A1CD60AAE91445A894B5744 /* 14.ttf */; };
		01CBA5E4BE63496DB45CEA53 /* 15.ttf in Resources */ = {isa = PBXBuildFile; fileRef = F267B7355CBB465C9F1AC459 /* 15.ttf */; };
		3C8D49B2EB5843378987C2A6 /* 16.ttf in Resources */ = {isa = PBXBuildFile; fileRef = 8E8E974E756F46818BBBF248 /* 16.ttf */; };
		4C3A5D86B0D84485B91B059A /* 17.ttf in Resources */ = {isa = PBXBuildFile; fileRef = 8B9BA2AC38DB4D80AC510086 /* 17.ttf */; };
		1B860A228EB14E80B5FCD261 /* 2.ttf in Resources */ = {isa = PBXBuildFile; fileRef = CFD565AC1E6B4A598CD27959 /* 2.ttf */; };
		1FCDFA34A9754CF6981ABDE0 /* 3.ttf in Resources */ = {isa = PBXBuildFile; fileRef = 496CF0D66A274C7F908DFE37 /* 3.ttf */; };
		18EBBBB9CF1646DEA818B77B /* 4.ttf in Resources */ = {isa = PBXBuildFile; fileRef = B0FBC43E4D41429689D91D47 /* 4.ttf */; };
		CEBF6237083D4918ACCD8F74 /* 5.ttf in Resources */ = {isa = PBXBuildFile; fileRef = 9A6DB4FDBB70421D968ED8F6 /* 5.ttf */; };
		0CEA7B2D11714D01B72F7A95 /* 6.ttf in Resources */ = {isa = PBXBuildFile; fileRef = DE2C4C58852D42DFAC734BDC /* 6.ttf */; };
		C78FA55EC3A245ED87245F33 /* 7.ttf in Resources */ = {isa = PBXBuildFile; fileRef = AFEF9EB9401A40139B416CBF /* 7.ttf */; };
		75A1DD5B943941A68BF016A0 /* 8.ttf in Resources */ = {isa = PBXBuildFile; fileRef = AF7CCEB9FE414C4EA84C631A /* 8.ttf */; };
		0E7341DF340D46C8AA8C9464 /* 9.ttf in Resources */ = {isa = PBXBuildFile; fileRef = 10DB2A8CA2EA4689A95CA455 /* 9.ttf */; };
		D9119E8D9BB64406B7E89B81 /* AntDesign.ttf in Resources */ = {isa = PBXBuildFile; fileRef = 0F00A93CB58742DD925C29D5 /* AntDesign.ttf */; };
		52112177D192408FA3D81F83 /* Entypo.ttf in Resources */ = {isa = PBXBuildFile; fileRef = 9488B829FCA7459284D12576 /* Entypo.ttf */; };
		AED3270AA7C04106B2EF91A6 /* EvilIcons.ttf in Resources */ = {isa = PBXBuildFile; fileRef = DC3EDBFC117345539A9F0DA5 /* EvilIcons.ttf */; };
		5A2AA656ACDE45D7ACFFCA59 /* Feather.ttf in Resources */ = {isa = PBXBuildFile; fileRef = A90CB2F6E31C4C66AE028DEA /* Feather.ttf */; };
		FA2067ECEA27409A838F1C93 /* FontAwesome.ttf in Resources */ = {isa = PBXBuildFile; fileRef = 9B9FAFDC27084767967ED0D3 /* FontAwesome.ttf */; };
		4ACB78CF25DF45998DF9FE09 /* FontAwesome5_Brands.ttf in Resources */ = {isa = PBXBuildFile; fileRef = 0BFAFA59269344B9891139CF /* FontAwesome5_Brands.ttf */; };
		050C3A4B9718455795E609E1 /* FontAwesome5_Regular.ttf in Resources */ = {isa = PBXBuildFile; fileRef = 2EA851496E454264B5FE51EF /* FontAwesome5_Regular.ttf */; };
		193F2A57B1214DF2A12A9CF0 /* FontAwesome5_Solid.ttf in Resources */ = {isa = PBXBuildFile; fileRef = B3F86218BE54421BB3DA9A0D /* FontAwesome5_Solid.ttf */; };
		7101E23AD5B849BFA996B628 /* Fontisto.ttf in Resources */ = {isa = PBXBuildFile; fileRef = 195A438B1108405FB904F103 /* Fontisto.ttf */; };
		92EA3DBA7B1F4922B5770EE0 /* Foundation.ttf in Resources */ = {isa = PBXBuildFile; fileRef = 18361359002F4A27B977F489 /* Foundation.ttf */; };
		D6EDE897081848DCB3160DFF /* Ionicons.ttf in Resources */ = {isa = PBXBuildFile; fileRef = D49D3830DD3547EB8A4AC17C /* Ionicons.ttf */; };
		2EB7AD0511ED44E496A07097 /* MaterialCommunityIcons.ttf in Resources */ = {isa = PBXBuildFile; fileRef = A2E688902266446F9F7831B6 /* MaterialCommunityIcons.ttf */; };
		526704CD2E7E4C7F9D5B511F /* MaterialIcons.ttf in Resources */ = {isa = PBXBuildFile; fileRef = 4EC6EF1CF3A846A8BFAB3627 /* MaterialIcons.ttf */; };
		74206D71817147A698B92B23 /* Octicons.ttf in Resources */ = {isa = PBXBuildFile; fileRef = 5514A86D0FC94ACE9A776A0A /* Octicons.ttf */; };
		65B1AC7FCF5341D79D5F26F1 /* SimpleLineIcons.ttf in Resources */ = {isa = PBXBuildFile; fileRef = 3B6D2A3F8D024C608EC100BD /* SimpleLineIcons.ttf */; };
		6DCC11D545B6460088A90642 /* Zocial.ttf in Resources */ = {isa = PBXBuildFile; fileRef = BD4124303D0D40F69DBC3C37 /* Zocial.ttf */; };
		A3BF6CB2BDEF4263AA2BF16E /* DRAguScript-Book.ttf in Resources */ = {isa = PBXBuildFile; fileRef = BE1DA896397542439ED0522F /* DRAguScript-Book.ttf */; };
		C3E8F195D09B40F89D2227E4 /* Sitka Small.ttf in Resources */ = {isa = PBXBuildFile; fileRef = D1EEB23BDEA6466082208FA8 /* Sitka Small.ttf */; };
		D3C9A6B2E7FF495EBED817A2 /* Astakhov First One Stripe.ttf in Resources */ = {isa = PBXBuildFile; fileRef = 6E10FE58FA2A4C5095118F39 /* Astakhov First One Stripe.ttf */; };
		C867841DE10643509F0AC707 /* Barberry Letters.ttf in Resources */ = {isa = PBXBuildFile; fileRef = 38E37982BB094B7FBE56ABA4 /* Barberry Letters.ttf */; };
		39D504BC22E14BD3881B8F36 /* Bolero script.ttf in Resources */ = {isa = PBXBuildFile; fileRef = 0469A18A0CBA4F53B9D54645 /* Bolero script.ttf */; };
		7E81BE72AF7D408DBE988625 /* Borsok.ttf in Resources */ = {isa = PBXBuildFile; fileRef = 79D7D03324B1473E9BF56242 /* Borsok.ttf */; };
		8ED939CB711041B097AFEBD2 /* Brochure Cyr.ttf in Resources */ = {isa = PBXBuildFile; fileRef = AF36F7118D2C44039106E2F6 /* Brochure Cyr.ttf */; };
		69ABAE26AF9C4B77B602DDFB /* Brush Script Std.ttf in Resources */ = {isa = PBXBuildFile; fileRef = 47C6EE067B6A444B9302EA3B /* Brush Script Std.ttf */; };
		9328E8C468854824AEE536EE /* Callygraph.ttf in Resources */ = {isa = PBXBuildFile; fileRef = BAF6E657C75348749F5EE6A3 /* Callygraph.ttf */; };
		6AC9299520E644E591430911 /* Comic Nefors.ttf in Resources */ = {isa = PBXBuildFile; fileRef = 836AEBDA63A648BCACAB4312 /* Comic Nefors.ttf */; };
		0B044E67A1DB40D3BA2D6E36 /* Comic Sans MS.ttf in Resources */ = {isa = PBXBuildFile; fileRef = ABED661D84F14FDE941ADB15 /* Comic Sans MS.ttf */; };
		2F6F24D71B5442988B451783 /* Debby.ttf in Resources */ = {isa = PBXBuildFile; fileRef = D99193192292493080B3E36F /* Debby.ttf */; };
		D05D08EF89824B97BE63BF20 /* Gochi Hand Cyrillic.ttf in Resources */ = {isa = PBXBuildFile; fileRef = 4799E415A1CE40AE85AFB805 /* Gochi Hand Cyrillic.ttf */; };
		C214CBC0A08F45BC9C763830 /* Minnie.ttf in Resources */ = {isa = PBXBuildFile; fileRef = A0CABF90B75F4EB58D5300E6 /* Minnie.ttf */; };
		4DB409DCD35F4DDC95CDD7BB /* Pelmeshka.ttf in Resources */ = {isa = PBXBuildFile; fileRef = 7B62159B1F4C4FAD85F8EAD6 /* Pelmeshka.ttf */; };
		208084F1ED4E4E9780F6E51D /* Swiss Siena.ttf in Resources */ = {isa = PBXBuildFile; fileRef = B08595DA8326443A8CB49A2B /* Swiss Siena.ttf */; };
		07FC1A78E56F482DA9DDBE11 /* Umbrella [RUS by me].ttf in Resources */ = {isa = PBXBuildFile; fileRef = 9F8419893A6248319A2C1FD6 /* Umbrella [RUS by me].ttf */; };
/* End PBXBuildFile section */

/* Begin PBXContainerItemProxy section */
		00E356F41AD99517003FC87E /* PBXContainerItemProxy */ = {
			isa = PBXContainerItemProxy;
			containerPortal = 83CBB9F71A601CBA00E9B192 /* Project object */;
			proxyType = 1;
			remoteGlobalIDString = 13B07F861A680F5B00A75B9A;
			remoteInfo = babyPhoto3;
		};
/* End PBXContainerItemProxy section */

/* Begin PBXFileReference section */
		00E356EE1AD99517003FC87E /* babyPhoto3Tests.xctest */ = {isa = PBXFileReference; explicitFileType = wrapper.cfbundle; includeInIndex = 0; path = babyPhoto3Tests.xctest; sourceTree = BUILT_PRODUCTS_DIR; };
		00E356F11AD99517003FC87E /* Info.plist */ = {isa = PBXFileReference; lastKnownFileType = text.plist.xml; path = Info.plist; sourceTree = "<group>"; };
		00E356F21AD99517003FC87E /* babyPhoto3Tests.m */ = {isa = PBXFileReference; lastKnownFileType = sourcecode.c.objc; path = babyPhoto3Tests.m; sourceTree = "<group>"; };
		13B07F961A680F5B00A75B9A /* babyPhoto3.app */ = {isa = PBXFileReference; explicitFileType = wrapper.application; includeInIndex = 0; path = babyPhoto3.app; sourceTree = BUILT_PRODUCTS_DIR; };
		13B07FAF1A68108700A75B9A /* AppDelegate.h */ = {isa = PBXFileReference; fileEncoding = 4; lastKnownFileType = sourcecode.c.h; name = AppDelegate.h; path = babyPhoto3/AppDelegate.h; sourceTree = "<group>"; };
		13B07FB01A68108700A75B9A /* AppDelegate.mm */ = {isa = PBXFileReference; fileEncoding = 4; lastKnownFileType = sourcecode.cpp.objcpp; name = AppDelegate.mm; path = babyPhoto3/AppDelegate.mm; sourceTree = "<group>"; };
		13B07FB51A68108700A75B9A /* Images.xcassets */ = {isa = PBXFileReference; lastKnownFileType = folder.assetcatalog; name = Images.xcassets; path = babyPhoto3/Images.xcassets; sourceTree = "<group>"; };
		13B07FB61A68108700A75B9A /* Info.plist */ = {isa = PBXFileReference; fileEncoding = 4; lastKnownFileType = text.plist.xml; name = Info.plist; path = babyPhoto3/Info.plist; sourceTree = "<group>"; };
		13B07FB71A68108700A75B9A /* main.m */ = {isa = PBXFileReference; fileEncoding = 4; lastKnownFileType = sourcecode.c.objc; name = main.m; path = babyPhoto3/main.m; sourceTree = "<group>"; };
		19F6CBCC0A4E27FBF8BF4A61 /* libPods-babyPhoto3-babyPhoto3Tests.a */ = {isa = PBXFileReference; explicitFileType = archive.ar; includeInIndex = 0; path = "libPods-babyPhoto3-babyPhoto3Tests.a"; sourceTree = BUILT_PRODUCTS_DIR; };
		3B4392A12AC88292D35C810B /* Pods-babyPhoto3.debug.xcconfig */ = {isa = PBXFileReference; includeInIndex = 1; lastKnownFileType = text.xcconfig; name = "Pods-babyPhoto3.debug.xcconfig"; path = "Target Support Files/Pods-babyPhoto3/Pods-babyPhoto3.debug.xcconfig"; sourceTree = "<group>"; };
		5709B34CF0A7D63546082F79 /* Pods-babyPhoto3.release.xcconfig */ = {isa = PBXFileReference; includeInIndex = 1; lastKnownFileType = text.xcconfig; name = "Pods-babyPhoto3.release.xcconfig"; path = "Target Support Files/Pods-babyPhoto3/Pods-babyPhoto3.release.xcconfig"; sourceTree = "<group>"; };
		5B7EB9410499542E8C5724F5 /* Pods-babyPhoto3-babyPhoto3Tests.debug.xcconfig */ = {isa = PBXFileReference; includeInIndex = 1; lastKnownFileType = text.xcconfig; name = "Pods-babyPhoto3-babyPhoto3Tests.debug.xcconfig"; path = "Target Support Files/Pods-babyPhoto3-babyPhoto3Tests/Pods-babyPhoto3-babyPhoto3Tests.debug.xcconfig"; sourceTree = "<group>"; };
		5DCACB8F33CDC322A6C60F78 /* libPods-babyPhoto3.a */ = {isa = PBXFileReference; explicitFileType = archive.ar; includeInIndex = 0; path = "libPods-babyPhoto3.a"; sourceTree = BUILT_PRODUCTS_DIR; };
		81AB9BB72411601600AC10FF /* LaunchScreen.storyboard */ = {isa = PBXFileReference; fileEncoding = 4; lastKnownFileType = file.storyboard; name = LaunchScreen.storyboard; path = babyPhoto3/LaunchScreen.storyboard; sourceTree = "<group>"; };
		89C6BE57DB24E9ADA2F236DE /* Pods-babyPhoto3-babyPhoto3Tests.release.xcconfig */ = {isa = PBXFileReference; includeInIndex = 1; lastKnownFileType = text.xcconfig; name = "Pods-babyPhoto3-babyPhoto3Tests.release.xcconfig"; path = "Target Support Files/Pods-babyPhoto3-babyPhoto3Tests/Pods-babyPhoto3-babyPhoto3Tests.release.xcconfig"; sourceTree = "<group>"; };
		ED297162215061F000B7C4FE /* JavaScriptCore.framework */ = {isa = PBXFileReference; lastKnownFileType = wrapper.framework; name = JavaScriptCore.framework; path = System/Library/Frameworks/JavaScriptCore.framework; sourceTree = SDKROOT; };
		5E8E90BCE2F94FDCA4908AC7 /* 1.ttf */ = {isa = PBXFileReference; name = "1.ttf"; path = "../assets/fonts/1.ttf"; sourceTree = "<group>"; fileEncoding = undefined; lastKnownFileType = unknown; explicitFileType = undefined; includeInIndex = 0; };
		B0BD35F8631D49299DCC9CDA /* 10.ttf */ = {isa = PBXFileReference; name = "10.ttf"; path = "../assets/fonts/10.ttf"; sourceTree = "<group>"; fileEncoding = undefined; lastKnownFileType = unknown; explicitFileType = undefined; includeInIndex = 0; };
		9D5AB035A7C24A188DCAB590 /* 11.ttf */ = {isa = PBXFileReference; name = "11.ttf"; path = "../assets/fonts/11.ttf"; sourceTree = "<group>"; fileEncoding = undefined; lastKnownFileType = unknown; explicitFileType = undefined; includeInIndex = 0; };
		EC3110AC451B4ED9A7FA97E0 /* 12.ttf */ = {isa = PBXFileReference; name = "12.ttf"; path = "../assets/fonts/12.ttf"; sourceTree = "<group>"; fileEncoding = undefined; lastKnownFileType = unknown; explicitFileType = undefined; includeInIndex = 0; };
		F39C4E19148A45EA9A6DE128 /* 13.ttf */ = {isa = PBXFileReference; name = "13.ttf"; path = "../assets/fonts/13.ttf"; sourceTree = "<group>"; fileEncoding = undefined; lastKnownFileType = unknown; explicitFileType = undefined; includeInIndex = 0; };
		8A1CD60AAE91445A894B5744 /* 14.ttf */ = {isa = PBXFileReference; name = "14.ttf"; path = "../assets/fonts/14.ttf"; sourceTree = "<group>"; fileEncoding = undefined; lastKnownFileType = unknown; explicitFileType = undefined; includeInIndex = 0; };
		F267B7355CBB465C9F1AC459 /* 15.ttf */ = {isa = PBXFileReference; name = "15.ttf"; path = "../assets/fonts/15.ttf"; sourceTree = "<group>"; fileEncoding = undefined; lastKnownFileType = unknown; explicitFileType = undefined; includeInIndex = 0; };
		8E8E974E756F46818BBBF248 /* 16.ttf */ = {isa = PBXFileReference; name = "16.ttf"; path = "../assets/fonts/16.ttf"; sourceTree = "<group>"; fileEncoding = undefined; lastKnownFileType = unknown; explicitFileType = undefined; includeInIndex = 0; };
		8B9BA2AC38DB4D80AC510086 /* 17.ttf */ = {isa = PBXFileReference; name = "17.ttf"; path = "../assets/fonts/17.ttf"; sourceTree = "<group>"; fileEncoding = undefined; lastKnownFileType = unknown; explicitFileType = undefined; includeInIndex = 0; };
		CFD565AC1E6B4A598CD27959 /* 2.ttf */ = {isa = PBXFileReference; name = "2.ttf"; path = "../assets/fonts/2.ttf"; sourceTree = "<group>"; fileEncoding = undefined; lastKnownFileType = unknown; explicitFileType = undefined; includeInIndex = 0; };
		496CF0D66A274C7F908DFE37 /* 3.ttf */ = {isa = PBXFileReference; name = "3.ttf"; path = "../assets/fonts/3.ttf"; sourceTree = "<group>"; fileEncoding = undefined; lastKnownFileType = unknown; explicitFileType = undefined; includeInIndex = 0; };
		B0FBC43E4D41429689D91D47 /* 4.ttf */ = {isa = PBXFileReference; name = "4.ttf"; path = "../assets/fonts/4.ttf"; sourceTree = "<group>"; fileEncoding = undefined; lastKnownFileType = unknown; explicitFileType = undefined; includeInIndex = 0; };
		9A6DB4FDBB70421D968ED8F6 /* 5.ttf */ = {isa = PBXFileReference; name = "5.ttf"; path = "../assets/fonts/5.ttf"; sourceTree = "<group>"; fileEncoding = undefined; lastKnownFileType = unknown; explicitFileType = undefined; includeInIndex = 0; };
		DE2C4C58852D42DFAC734BDC /* 6.ttf */ = {isa = PBXFileReference; name = "6.ttf"; path = "../assets/fonts/6.ttf"; sourceTree = "<group>"; fileEncoding = undefined; lastKnownFileType = unknown; explicitFileType = undefined; includeInIndex = 0; };
		AFEF9EB9401A40139B416CBF /* 7.ttf */ = {isa = PBXFileReference; name = "7.ttf"; path = "../assets/fonts/7.ttf"; sourceTree = "<group>"; fileEncoding = undefined; lastKnownFileType = unknown; explicitFileType = undefined; includeInIndex = 0; };
		AF7CCEB9FE414C4EA84C631A /* 8.ttf */ = {isa = PBXFileReference; name = "8.ttf"; path = "../assets/fonts/8.ttf"; sourceTree = "<group>"; fileEncoding = undefined; lastKnownFileType = unknown; explicitFileType = undefined; includeInIndex = 0; };
		10DB2A8CA2EA4689A95CA455 /* 9.ttf */ = {isa = PBXFileReference; name = "9.ttf"; path = "../assets/fonts/9.ttf"; sourceTree = "<group>"; fileEncoding = undefined; lastKnownFileType = unknown; explicitFileType = undefined; includeInIndex = 0; };
		0F00A93CB58742DD925C29D5 /* AntDesign.ttf */ = {isa = PBXFileReference; name = "AntDesign.ttf"; path = "../node_modules/react-native-vector-icons/Fonts/AntDesign.ttf"; sourceTree = "<group>"; fileEncoding = undefined; lastKnownFileType = unknown; explicitFileType = undefined; includeInIndex = 0; };
		9488B829FCA7459284D12576 /* Entypo.ttf */ = {isa = PBXFileReference; name = "Entypo.ttf"; path = "../node_modules/react-native-vector-icons/Fonts/Entypo.ttf"; sourceTree = "<group>"; fileEncoding = undefined; lastKnownFileType = unknown; explicitFileType = undefined; includeInIndex = 0; };
		DC3EDBFC117345539A9F0DA5 /* EvilIcons.ttf */ = {isa = PBXFileReference; name = "EvilIcons.ttf"; path = "../node_modules/react-native-vector-icons/Fonts/EvilIcons.ttf"; sourceTree = "<group>"; fileEncoding = undefined; lastKnownFileType = unknown; explicitFileType = undefined; includeInIndex = 0; };
		A90CB2F6E31C4C66AE028DEA /* Feather.ttf */ = {isa = PBXFileReference; name = "Feather.ttf"; path = "../node_modules/react-native-vector-icons/Fonts/Feather.ttf"; sourceTree = "<group>"; fileEncoding = undefined; lastKnownFileType = unknown; explicitFileType = undefined; includeInIndex = 0; };
		9B9FAFDC27084767967ED0D3 /* FontAwesome.ttf */ = {isa = PBXFileReference; name = "FontAwesome.ttf"; path = "../node_modules/react-native-vector-icons/Fonts/FontAwesome.ttf"; sourceTree = "<group>"; fileEncoding = undefined; lastKnownFileType = unknown; explicitFileType = undefined; includeInIndex = 0; };
		0BFAFA59269344B9891139CF /* FontAwesome5_Brands.ttf */ = {isa = PBXFileReference; name = "FontAwesome5_Brands.ttf"; path = "../node_modules/react-native-vector-icons/Fonts/FontAwesome5_Brands.ttf"; sourceTree = "<group>"; fileEncoding = undefined; lastKnownFileType = unknown; explicitFileType = undefined; includeInIndex = 0; };
		2EA851496E454264B5FE51EF /* FontAwesome5_Regular.ttf */ = {isa = PBXFileReference; name = "FontAwesome5_Regular.ttf"; path = "../node_modules/react-native-vector-icons/Fonts/FontAwesome5_Regular.ttf"; sourceTree = "<group>"; fileEncoding = undefined; lastKnownFileType = unknown; explicitFileType = undefined; includeInIndex = 0; };
		B3F86218BE54421BB3DA9A0D /* FontAwesome5_Solid.ttf */ = {isa = PBXFileReference; name = "FontAwesome5_Solid.ttf"; path = "../node_modules/react-native-vector-icons/Fonts/FontAwesome5_Solid.ttf"; sourceTree = "<group>"; fileEncoding = undefined; lastKnownFileType = unknown; explicitFileType = undefined; includeInIndex = 0; };
		195A438B1108405FB904F103 /* Fontisto.ttf */ = {isa = PBXFileReference; name = "Fontisto.ttf"; path = "../node_modules/react-native-vector-icons/Fonts/Fontisto.ttf"; sourceTree = "<group>"; fileEncoding = undefined; lastKnownFileType = unknown; explicitFileType = undefined; includeInIndex = 0; };
		18361359002F4A27B977F489 /* Foundation.ttf */ = {isa = PBXFileReference; name = "Foundation.ttf"; path = "../node_modules/react-native-vector-icons/Fonts/Foundation.ttf"; sourceTree = "<group>"; fileEncoding = undefined; lastKnownFileType = unknown; explicitFileType = undefined; includeInIndex = 0; };
		D49D3830DD3547EB8A4AC17C /* Ionicons.ttf */ = {isa = PBXFileReference; name = "Ionicons.ttf"; path = "../node_modules/react-native-vector-icons/Fonts/Ionicons.ttf"; sourceTree = "<group>"; fileEncoding = undefined; lastKnownFileType = unknown; explicitFileType = undefined; includeInIndex = 0; };
		A2E688902266446F9F7831B6 /* MaterialCommunityIcons.ttf */ = {isa = PBXFileReference; name = "MaterialCommunityIcons.ttf"; path = "../node_modules/react-native-vector-icons/Fonts/MaterialCommunityIcons.ttf"; sourceTree = "<group>"; fileEncoding = undefined; lastKnownFileType = unknown; explicitFileType = undefined; includeInIndex = 0; };
		4EC6EF1CF3A846A8BFAB3627 /* MaterialIcons.ttf */ = {isa = PBXFileReference; name = "MaterialIcons.ttf"; path = "../node_modules/react-native-vector-icons/Fonts/MaterialIcons.ttf"; sourceTree = "<group>"; fileEncoding = undefined; lastKnownFileType = unknown; explicitFileType = undefined; includeInIndex = 0; };
		5514A86D0FC94ACE9A776A0A /* Octicons.ttf */ = {isa = PBXFileReference; name = "Octicons.ttf"; path = "../node_modules/react-native-vector-icons/Fonts/Octicons.ttf"; sourceTree = "<group>"; fileEncoding = undefined; lastKnownFileType = unknown; explicitFileType = undefined; includeInIndex = 0; };
		3B6D2A3F8D024C608EC100BD /* SimpleLineIcons.ttf */ = {isa = PBXFileReference; name = "SimpleLineIcons.ttf"; path = "../node_modules/react-native-vector-icons/Fonts/SimpleLineIcons.ttf"; sourceTree = "<group>"; fileEncoding = undefined; lastKnownFileType = unknown; explicitFileType = undefined; includeInIndex = 0; };
		BD4124303D0D40F69DBC3C37 /* Zocial.ttf */ = {isa = PBXFileReference; name = "Zocial.ttf"; path = "../node_modules/react-native-vector-icons/Fonts/Zocial.ttf"; sourceTree = "<group>"; fileEncoding = undefined; lastKnownFileType = unknown; explicitFileType = undefined; includeInIndex = 0; };
		BE1DA896397542439ED0522F /* DRAguScript-Book.ttf */ = {isa = PBXFileReference; name = "DRAguScript-Book.ttf"; path = "../assets/fonts/DRAguScript-Book.ttf"; sourceTree = "<group>"; fileEncoding = undefined; lastKnownFileType = unknown; explicitFileType = undefined; includeInIndex = 0; };
		D1EEB23BDEA6466082208FA8 /* Sitka Small.ttf */ = {isa = PBXFileReference; name = "Sitka Small.ttf"; path = "../assets/fonts/Sitka Small.ttf"; sourceTree = "<group>"; fileEncoding = undefined; lastKnownFileType = unknown; explicitFileType = undefined; includeInIndex = 0; };
		6E10FE58FA2A4C5095118F39 /* Astakhov First One Stripe.ttf */ = {isa = PBXFileReference; name = "Astakhov First One Stripe.ttf"; path = "../assets/fonts/Astakhov First One Stripe.ttf"; sourceTree = "<group>"; fileEncoding = undefined; lastKnownFileType = unknown; explicitFileType = undefined; includeInIndex = 0; };
		38E37982BB094B7FBE56ABA4 /* Barberry Letters.ttf */ = {isa = PBXFileReference; name = "Barberry Letters.ttf"; path = "../assets/fonts/Barberry Letters.ttf"; sourceTree = "<group>"; fileEncoding = undefined; lastKnownFileType = unknown; explicitFileType = undefined; includeInIndex = 0; };
		0469A18A0CBA4F53B9D54645 /* Bolero script.ttf */ = {isa = PBXFileReference; name = "Bolero script.ttf"; path = "../assets/fonts/Bolero script.ttf"; sourceTree = "<group>"; fileEncoding = undefined; lastKnownFileType = unknown; explicitFileType = undefined; includeInIndex = 0; };
		79D7D03324B1473E9BF56242 /* Borsok.ttf */ = {isa = PBXFileReference; name = "Borsok.ttf"; path = "../assets/fonts/Borsok.ttf"; sourceTree = "<group>"; fileEncoding = undefined; lastKnownFileType = unknown; explicitFileType = undefined; includeInIndex = 0; };
		AF36F7118D2C44039106E2F6 /* Brochure Cyr.ttf */ = {isa = PBXFileReference; name = "Brochure Cyr.ttf"; path = "../assets/fonts/Brochure Cyr.ttf"; sourceTree = "<group>"; fileEncoding = undefined; lastKnownFileType = unknown; explicitFileType = undefined; includeInIndex = 0; };
		47C6EE067B6A444B9302EA3B /* Brush Script Std.ttf */ = {isa = PBXFileReference; name = "Brush Script Std.ttf"; path = "../assets/fonts/Brush Script Std.ttf"; sourceTree = "<group>"; fileEncoding = undefined; lastKnownFileType = unknown; explicitFileType = undefined; includeInIndex = 0; };
		BAF6E657C75348749F5EE6A3 /* Callygraph.ttf */ = {isa = PBXFileReference; name = "Callygraph.ttf"; path = "../assets/fonts/Callygraph.ttf"; sourceTree = "<group>"; fileEncoding = undefined; lastKnownFileType = unknown; explicitFileType = undefined; includeInIndex = 0; };
		836AEBDA63A648BCACAB4312 /* Comic Nefors.ttf */ = {isa = PBXFileReference; name = "Comic Nefors.ttf"; path = "../assets/fonts/Comic Nefors.ttf"; sourceTree = "<group>"; fileEncoding = undefined; lastKnownFileType = unknown; explicitFileType = undefined; includeInIndex = 0; };
		ABED661D84F14FDE941ADB15 /* Comic Sans MS.ttf */ = {isa = PBXFileReference; name = "Comic Sans MS.ttf"; path = "../assets/fonts/Comic Sans MS.ttf"; sourceTree = "<group>"; fileEncoding = undefined; lastKnownFileType = unknown; explicitFileType = undefined; includeInIndex = 0; };
		D99193192292493080B3E36F /* Debby.ttf */ = {isa = PBXFileReference; name = "Debby.ttf"; path = "../assets/fonts/Debby.ttf"; sourceTree = "<group>"; fileEncoding = undefined; lastKnownFileType = unknown; explicitFileType = undefined; includeInIndex = 0; };
		4799E415A1CE40AE85AFB805 /* Gochi Hand Cyrillic.ttf */ = {isa = PBXFileReference; name = "Gochi Hand Cyrillic.ttf"; path = "../assets/fonts/Gochi Hand Cyrillic.ttf"; sourceTree = "<group>"; fileEncoding = undefined; lastKnownFileType = unknown; explicitFileType = undefined; includeInIndex = 0; };
		A0CABF90B75F4EB58D5300E6 /* Minnie.ttf */ = {isa = PBXFileReference; name = "Minnie.ttf"; path = "../assets/fonts/Minnie.ttf"; sourceTree = "<group>"; fileEncoding = undefined; lastKnownFileType = unknown; explicitFileType = undefined; includeInIndex = 0; };
		7B62159B1F4C4FAD85F8EAD6 /* Pelmeshka.ttf */ = {isa = PBXFileReference; name = "Pelmeshka.ttf"; path = "../assets/fonts/Pelmeshka.ttf"; sourceTree = "<group>"; fileEncoding = undefined; lastKnownFileType = unknown; explicitFileType = undefined; includeInIndex = 0; };
		B08595DA8326443A8CB49A2B /* Swiss Siena.ttf */ = {isa = PBXFileReference; name = "Swiss Siena.ttf"; path = "../assets/fonts/Swiss Siena.ttf"; sourceTree = "<group>"; fileEncoding = undefined; lastKnownFileType = unknown; explicitFileType = undefined; includeInIndex = 0; };
		9F8419893A6248319A2C1FD6 /* Umbrella [RUS by me].ttf */ = {isa = PBXFileReference; name = "Umbrella [RUS by me].ttf"; path = "../assets/fonts/Umbrella [RUS by me].ttf"; sourceTree = "<group>"; fileEncoding = undefined; lastKnownFileType = unknown; explicitFileType = undefined; includeInIndex = 0; };
/* End PBXFileReference section */

/* Begin PBXFrameworksBuildPhase section */
		00E356EB1AD99517003FC87E /* Frameworks */ = {
			isa = PBXFrameworksBuildPhase;
			buildActionMask = 2147483647;
			files = (
				7699B88040F8A987B510C191 /* libPods-babyPhoto3-babyPhoto3Tests.a in Frameworks */,
			);
			runOnlyForDeploymentPostprocessing = 0;
		};
		13B07F8C1A680F5B00A75B9A /* Frameworks */ = {
			isa = PBXFrameworksBuildPhase;
			buildActionMask = 2147483647;
			files = (
				0C80B921A6F3F58F76C31292 /* libPods-babyPhoto3.a in Frameworks */,
			);
			runOnlyForDeploymentPostprocessing = 0;
		};
/* End PBXFrameworksBuildPhase section */

/* Begin PBXGroup section */
		00E356EF1AD99517003FC87E /* babyPhoto3Tests */ = {
			isa = PBXGroup;
			children = (
				00E356F21AD99517003FC87E /* babyPhoto3Tests.m */,
				00E356F01AD99517003FC87E /* Supporting Files */,
			);
			path = babyPhoto3Tests;
			sourceTree = "<group>";
		};
		00E356F01AD99517003FC87E /* Supporting Files */ = {
			isa = PBXGroup;
			children = (
				00E356F11AD99517003FC87E /* Info.plist */,
			);
			name = "Supporting Files";
			sourceTree = "<group>";
		};
		13B07FAE1A68108700A75B9A /* babyPhoto3 */ = {
			isa = PBXGroup;
			children = (
				13B07FAF1A68108700A75B9A /* AppDelegate.h */,
				13B07FB01A68108700A75B9A /* AppDelegate.mm */,
				13B07FB51A68108700A75B9A /* Images.xcassets */,
				13B07FB61A68108700A75B9A /* Info.plist */,
				81AB9BB72411601600AC10FF /* LaunchScreen.storyboard */,
				13B07FB71A68108700A75B9A /* main.m */,
			);
			name = babyPhoto3;
			sourceTree = "<group>";
		};
		2D16E6871FA4F8E400B85C8A /* Frameworks */ = {
			isa = PBXGroup;
			children = (
				ED297162215061F000B7C4FE /* JavaScriptCore.framework */,
				5DCACB8F33CDC322A6C60F78 /* libPods-babyPhoto3.a */,
				19F6CBCC0A4E27FBF8BF4A61 /* libPods-babyPhoto3-babyPhoto3Tests.a */,
			);
			name = Frameworks;
			sourceTree = "<group>";
		};
		832341AE1AAA6A7D00B99B32 /* Libraries */ = {
			isa = PBXGroup;
			children = (
			);
			name = Libraries;
			sourceTree = "<group>";
		};
		83CBB9F61A601CBA00E9B192 = {
			isa = PBXGroup;
			children = (
				13B07FAE1A68108700A75B9A /* babyPhoto3 */,
				832341AE1AAA6A7D00B99B32 /* Libraries */,
				00E356EF1AD99517003FC87E /* babyPhoto3Tests */,
				83CBBA001A601CBA00E9B192 /* Products */,
				2D16E6871FA4F8E400B85C8A /* Frameworks */,
				BBD78D7AC51CEA395F1C20DB /* Pods */,
				9DA8588DEB804E9187F8BF45 /* Resources */,
			);
			indentWidth = 2;
			sourceTree = "<group>";
			tabWidth = 2;
			usesTabs = 0;
		};
		83CBBA001A601CBA00E9B192 /* Products */ = {
			isa = PBXGroup;
			children = (
				13B07F961A680F5B00A75B9A /* babyPhoto3.app */,
				00E356EE1AD99517003FC87E /* babyPhoto3Tests.xctest */,
			);
			name = Products;
			sourceTree = "<group>";
		};
		BBD78D7AC51CEA395F1C20DB /* Pods */ = {
			isa = PBXGroup;
			children = (
				3B4392A12AC88292D35C810B /* Pods-babyPhoto3.debug.xcconfig */,
				5709B34CF0A7D63546082F79 /* Pods-babyPhoto3.release.xcconfig */,
				5B7EB9410499542E8C5724F5 /* Pods-babyPhoto3-babyPhoto3Tests.debug.xcconfig */,
				89C6BE57DB24E9ADA2F236DE /* Pods-babyPhoto3-babyPhoto3Tests.release.xcconfig */,
			);
			path = Pods;
			sourceTree = "<group>";
		};
		9DA8588DEB804E9187F8BF45 /* Resources */ = {
			isa = "PBXGroup";
			children = (
				5E8E90BCE2F94FDCA4908AC7 /* 1.ttf */,
				B0BD35F8631D49299DCC9CDA /* 10.ttf */,
				9D5AB035A7C24A188DCAB590 /* 11.ttf */,
				EC3110AC451B4ED9A7FA97E0 /* 12.ttf */,
				F39C4E19148A45EA9A6DE128 /* 13.ttf */,
				8A1CD60AAE91445A894B5744 /* 14.ttf */,
				F267B7355CBB465C9F1AC459 /* 15.ttf */,
				8E8E974E756F46818BBBF248 /* 16.ttf */,
				8B9BA2AC38DB4D80AC510086 /* 17.ttf */,
				CFD565AC1E6B4A598CD27959 /* 2.ttf */,
				496CF0D66A274C7F908DFE37 /* 3.ttf */,
				B0FBC43E4D41429689D91D47 /* 4.ttf */,
				9A6DB4FDBB70421D968ED8F6 /* 5.ttf */,
				DE2C4C58852D42DFAC734BDC /* 6.ttf */,
				AFEF9EB9401A40139B416CBF /* 7.ttf */,
				AF7CCEB9FE414C4EA84C631A /* 8.ttf */,
				10DB2A8CA2EA4689A95CA455 /* 9.ttf */,
				0F00A93CB58742DD925C29D5 /* AntDesign.ttf */,
				9488B829FCA7459284D12576 /* Entypo.ttf */,
				DC3EDBFC117345539A9F0DA5 /* EvilIcons.ttf */,
				A90CB2F6E31C4C66AE028DEA /* Feather.ttf */,
				9B9FAFDC27084767967ED0D3 /* FontAwesome.ttf */,
				0BFAFA59269344B9891139CF /* FontAwesome5_Brands.ttf */,
				2EA851496E454264B5FE51EF /* FontAwesome5_Regular.ttf */,
				B3F86218BE54421BB3DA9A0D /* FontAwesome5_Solid.ttf */,
				195A438B1108405FB904F103 /* Fontisto.ttf */,
				18361359002F4A27B977F489 /* Foundation.ttf */,
				D49D3830DD3547EB8A4AC17C /* Ionicons.ttf */,
				A2E688902266446F9F7831B6 /* MaterialCommunityIcons.ttf */,
				4EC6EF1CF3A846A8BFAB3627 /* MaterialIcons.ttf */,
				5514A86D0FC94ACE9A776A0A /* Octicons.ttf */,
				3B6D2A3F8D024C608EC100BD /* SimpleLineIcons.ttf */,
				BD4124303D0D40F69DBC3C37 /* Zocial.ttf */,
				BE1DA896397542439ED0522F /* DRAguScript-Book.ttf */,
				D1EEB23BDEA6466082208FA8 /* Sitka Small.ttf */,
				6E10FE58FA2A4C5095118F39 /* Astakhov First One Stripe.ttf */,
				38E37982BB094B7FBE56ABA4 /* Barberry Letters.ttf */,
				0469A18A0CBA4F53B9D54645 /* Bolero script.ttf */,
				79D7D03324B1473E9BF56242 /* Borsok.ttf */,
				AF36F7118D2C44039106E2F6 /* Brochure Cyr.ttf */,
				47C6EE067B6A444B9302EA3B /* Brush Script Std.ttf */,
				BAF6E657C75348749F5EE6A3 /* Callygraph.ttf */,
				836AEBDA63A648BCACAB4312 /* Comic Nefors.ttf */,
				ABED661D84F14FDE941ADB15 /* Comic Sans MS.ttf */,
				D99193192292493080B3E36F /* Debby.ttf */,
				4799E415A1CE40AE85AFB805 /* Gochi Hand Cyrillic.ttf */,
				A0CABF90B75F4EB58D5300E6 /* Minnie.ttf */,
				7B62159B1F4C4FAD85F8EAD6 /* Pelmeshka.ttf */,
				B08595DA8326443A8CB49A2B /* Swiss Siena.ttf */,
				9F8419893A6248319A2C1FD6 /* Umbrella [RUS by me].ttf */,
			);
			name = Resources;
			sourceTree = "<group>";
			path = "";
		};
/* End PBXGroup section */

/* Begin PBXNativeTarget section */
		00E356ED1AD99517003FC87E /* babyPhoto3Tests */ = {
			isa = PBXNativeTarget;
			buildConfigurationList = 00E357021AD99517003FC87E /* Build configuration list for PBXNativeTarget "babyPhoto3Tests" */;
			buildPhases = (
				A55EABD7B0C7F3A422A6CC61 /* [CP] Check Pods Manifest.lock */,
				00E356EA1AD99517003FC87E /* Sources */,
				00E356EB1AD99517003FC87E /* Frameworks */,
				00E356EC1AD99517003FC87E /* Resources */,
				C59DA0FBD6956966B86A3779 /* [CP] Embed Pods Frameworks */,
				F6A41C54EA430FDDC6A6ED99 /* [CP] Copy Pods Resources */,
			);
			buildRules = (
			);
			dependencies = (
				00E356F51AD99517003FC87E /* PBXTargetDependency */,
			);
			name = babyPhoto3Tests;
			productName = babyPhoto3Tests;
			productReference = 00E356EE1AD99517003FC87E /* babyPhoto3Tests.xctest */;
			productType = "com.apple.product-type.bundle.unit-test";
		};
		13B07F861A680F5B00A75B9A /* babyPhoto3 */ = {
			isa = PBXNativeTarget;
			buildConfigurationList = 13B07F931A680F5B00A75B9A /* Build configuration list for PBXNativeTarget "babyPhoto3" */;
			buildPhases = (
				C38B50BA6285516D6DCD4F65 /* [CP] Check Pods Manifest.lock */,
				FD10A7F022414F080027D42C /* Start Packager */,
				13B07F871A680F5B00A75B9A /* Sources */,
				13B07F8C1A680F5B00A75B9A /* Frameworks */,
				13B07F8E1A680F5B00A75B9A /* Resources */,
				00DD1BFF1BD5951E006B06BC /* Bundle React Native code and images */,
				00EEFC60759A1932668264C0 /* [CP] Embed Pods Frameworks */,
				E235C05ADACE081382539298 /* [CP] Copy Pods Resources */,
			);
			buildRules = (
			);
			dependencies = (
			);
			name = babyPhoto3;
			productName = babyPhoto3;
			productReference = 13B07F961A680F5B00A75B9A /* babyPhoto3.app */;
			productType = "com.apple.product-type.application";
		};
/* End PBXNativeTarget section */

/* Begin PBXProject section */
		83CBB9F71A601CBA00E9B192 /* Project object */ = {
			isa = PBXProject;
			attributes = {
				LastUpgradeCheck = 1210;
				TargetAttributes = {
					00E356ED1AD99517003FC87E = {
						CreatedOnToolsVersion = 6.2;
						TestTargetID = 13B07F861A680F5B00A75B9A;
					};
					13B07F861A680F5B00A75B9A = {
						LastSwiftMigration = 1120;
					};
				};
			};
			buildConfigurationList = 83CBB9FA1A601CBA00E9B192 /* Build configuration list for PBXProject "babyPhoto3" */;
			compatibilityVersion = "Xcode 12.0";
			developmentRegion = en;
			hasScannedForEncodings = 0;
			knownRegions = (
				en,
				Base,
			);
			mainGroup = 83CBB9F61A601CBA00E9B192;
			productRefGroup = 83CBBA001A601CBA00E9B192 /* Products */;
			projectDirPath = "";
			projectRoot = "";
			targets = (
				13B07F861A680F5B00A75B9A /* babyPhoto3 */,
				00E356ED1AD99517003FC87E /* babyPhoto3Tests */,
			);
		};
/* End PBXProject section */

/* Begin PBXResourcesBuildPhase section */
		00E356EC1AD99517003FC87E /* Resources */ = {
			isa = PBXResourcesBuildPhase;
			buildActionMask = 2147483647;
			files = (
			);
			runOnlyForDeploymentPostprocessing = 0;
		};
		13B07F8E1A680F5B00A75B9A /* Resources */ = {
			isa = PBXResourcesBuildPhase;
			buildActionMask = 2147483647;
			files = (
				81AB9BB82411601600AC10FF /* LaunchScreen.storyboard in Resources */,
				13B07FBF1A68108700A75B9A /* Images.xcassets in Resources */,
				E630FD84E4D64422B02CFFB7 /* 1.ttf in Resources */,
				6FE33007B3914AE5B32A7976 /* 10.ttf in Resources */,
				ECDB1D44E08F45B5B82BBD02 /* 11.ttf in Resources */,
				EB3D1B08F6AF43D28CBBA57A /* 12.ttf in Resources */,
				B6DB7BFCA7654A7F8554D531 /* 13.ttf in Resources */,
				449B5248EAA4471C88F5F4C3 /* 14.ttf in Resources */,
				01CBA5E4BE63496DB45CEA53 /* 15.ttf in Resources */,
				3C8D49B2EB5843378987C2A6 /* 16.ttf in Resources */,
				4C3A5D86B0D84485B91B059A /* 17.ttf in Resources */,
				1B860A228EB14E80B5FCD261 /* 2.ttf in Resources */,
				1FCDFA34A9754CF6981ABDE0 /* 3.ttf in Resources */,
				18EBBBB9CF1646DEA818B77B /* 4.ttf in Resources */,
				CEBF6237083D4918ACCD8F74 /* 5.ttf in Resources */,
				0CEA7B2D11714D01B72F7A95 /* 6.ttf in Resources */,
				C78FA55EC3A245ED87245F33 /* 7.ttf in Resources */,
				75A1DD5B943941A68BF016A0 /* 8.ttf in Resources */,
				0E7341DF340D46C8AA8C9464 /* 9.ttf in Resources */,
				D9119E8D9BB64406B7E89B81 /* AntDesign.ttf in Resources */,
				52112177D192408FA3D81F83 /* Entypo.ttf in Resources */,
				AED3270AA7C04106B2EF91A6 /* EvilIcons.ttf in Resources */,
				5A2AA656ACDE45D7ACFFCA59 /* Feather.ttf in Resources */,
				FA2067ECEA27409A838F1C93 /* FontAwesome.ttf in Resources */,
				4ACB78CF25DF45998DF9FE09 /* FontAwesome5_Brands.ttf in Resources */,
				050C3A4B9718455795E609E1 /* FontAwesome5_Regular.ttf in Resources */,
				193F2A57B1214DF2A12A9CF0 /* FontAwesome5_Solid.ttf in Resources */,
				7101E23AD5B849BFA996B628 /* Fontisto.ttf in Resources */,
				92EA3DBA7B1F4922B5770EE0 /* Foundation.ttf in Resources */,
				D6EDE897081848DCB3160DFF /* Ionicons.ttf in Resources */,
				2EB7AD0511ED44E496A07097 /* MaterialCommunityIcons.ttf in Resources */,
				526704CD2E7E4C7F9D5B511F /* MaterialIcons.ttf in Resources */,
				74206D71817147A698B92B23 /* Octicons.ttf in Resources */,
				65B1AC7FCF5341D79D5F26F1 /* SimpleLineIcons.ttf in Resources */,
				6DCC11D545B6460088A90642 /* Zocial.ttf in Resources */,
				A3BF6CB2BDEF4263AA2BF16E /* DRAguScript-Book.ttf in Resources */,
				C3E8F195D09B40F89D2227E4 /* Sitka Small.ttf in Resources */,
				D3C9A6B2E7FF495EBED817A2 /* Astakhov First One Stripe.ttf in Resources */,
				C867841DE10643509F0AC707 /* Barberry Letters.ttf in Resources */,
				39D504BC22E14BD3881B8F36 /* Bolero script.ttf in Resources */,
				7E81BE72AF7D408DBE988625 /* Borsok.ttf in Resources */,
				8ED939CB711041B097AFEBD2 /* Brochure Cyr.ttf in Resources */,
				69ABAE26AF9C4B77B602DDFB /* Brush Script Std.ttf in Resources */,
				9328E8C468854824AEE536EE /* Callygraph.ttf in Resources */,
				6AC9299520E644E591430911 /* Comic Nefors.ttf in Resources */,
				0B044E67A1DB40D3BA2D6E36 /* Comic Sans MS.ttf in Resources */,
				2F6F24D71B5442988B451783 /* Debby.ttf in Resources */,
				D05D08EF89824B97BE63BF20 /* Gochi Hand Cyrillic.ttf in Resources */,
				C214CBC0A08F45BC9C763830 /* Minnie.ttf in Resources */,
				4DB409DCD35F4DDC95CDD7BB /* Pelmeshka.ttf in Resources */,
				208084F1ED4E4E9780F6E51D /* Swiss Siena.ttf in Resources */,
				07FC1A78E56F482DA9DDBE11 /* Umbrella [RUS by me].ttf in Resources */,
			);
			runOnlyForDeploymentPostprocessing = 0;
		};
/* End PBXResourcesBuildPhase section */

/* Begin PBXShellScriptBuildPhase section */
		00DD1BFF1BD5951E006B06BC /* Bundle React Native code and images */ = {
			isa = PBXShellScriptBuildPhase;
			buildActionMask = 2147483647;
			files = (
			);
			inputPaths = (
			);
			name = "Bundle React Native code and images";
			outputPaths = (
			);
			runOnlyForDeploymentPostprocessing = 0;
			shellPath = /bin/sh;
			shellScript = "set -e\n\nexport NODE_BINARY=node\n../node_modules/react-native/scripts/react-native-xcode.sh\n";
		};
		00EEFC60759A1932668264C0 /* [CP] Embed Pods Frameworks */ = {
			isa = PBXShellScriptBuildPhase;
			buildActionMask = 2147483647;
			files = (
			);
			inputFileListPaths = (
				"${PODS_ROOT}/Target Support Files/Pods-babyPhoto3/Pods-babyPhoto3-frameworks-${CONFIGURATION}-input-files.xcfilelist",
			);
			name = "[CP] Embed Pods Frameworks";
			outputFileListPaths = (
				"${PODS_ROOT}/Target Support Files/Pods-babyPhoto3/Pods-babyPhoto3-frameworks-${CONFIGURATION}-output-files.xcfilelist",
			);
			runOnlyForDeploymentPostprocessing = 0;
			shellPath = /bin/sh;
			shellScript = "\"${PODS_ROOT}/Target Support Files/Pods-babyPhoto3/Pods-babyPhoto3-frameworks.sh\"\n";
			showEnvVarsInLog = 0;
		};
		A55EABD7B0C7F3A422A6CC61 /* [CP] Check Pods Manifest.lock */ = {
			isa = PBXShellScriptBuildPhase;
			buildActionMask = 2147483647;
			files = (
			);
			inputFileListPaths = (
			);
			inputPaths = (
				"${PODS_PODFILE_DIR_PATH}/Podfile.lock",
				"${PODS_ROOT}/Manifest.lock",
			);
			name = "[CP] Check Pods Manifest.lock";
			outputFileListPaths = (
			);
			outputPaths = (
				"$(DERIVED_FILE_DIR)/Pods-babyPhoto3-babyPhoto3Tests-checkManifestLockResult.txt",
			);
			runOnlyForDeploymentPostprocessing = 0;
			shellPath = /bin/sh;
			shellScript = "diff \"${PODS_PODFILE_DIR_PATH}/Podfile.lock\" \"${PODS_ROOT}/Manifest.lock\" > /dev/null\nif [ $? != 0 ] ; then\n    # print error to STDERR\n    echo \"error: The sandbox is not in sync with the Podfile.lock. Run 'pod install' or update your CocoaPods installation.\" >&2\n    exit 1\nfi\n# This output is used by Xcode 'outputs' to avoid re-running this script phase.\necho \"SUCCESS\" > \"${SCRIPT_OUTPUT_FILE_0}\"\n";
			showEnvVarsInLog = 0;
		};
		C38B50BA6285516D6DCD4F65 /* [CP] Check Pods Manifest.lock */ = {
			isa = PBXShellScriptBuildPhase;
			buildActionMask = 2147483647;
			files = (
			);
			inputFileListPaths = (
			);
			inputPaths = (
				"${PODS_PODFILE_DIR_PATH}/Podfile.lock",
				"${PODS_ROOT}/Manifest.lock",
			);
			name = "[CP] Check Pods Manifest.lock";
			outputFileListPaths = (
			);
			outputPaths = (
				"$(DERIVED_FILE_DIR)/Pods-babyPhoto3-checkManifestLockResult.txt",
			);
			runOnlyForDeploymentPostprocessing = 0;
			shellPath = /bin/sh;
			shellScript = "diff \"${PODS_PODFILE_DIR_PATH}/Podfile.lock\" \"${PODS_ROOT}/Manifest.lock\" > /dev/null\nif [ $? != 0 ] ; then\n    # print error to STDERR\n    echo \"error: The sandbox is not in sync with the Podfile.lock. Run 'pod install' or update your CocoaPods installation.\" >&2\n    exit 1\nfi\n# This output is used by Xcode 'outputs' to avoid re-running this script phase.\necho \"SUCCESS\" > \"${SCRIPT_OUTPUT_FILE_0}\"\n";
			showEnvVarsInLog = 0;
		};
		C59DA0FBD6956966B86A3779 /* [CP] Embed Pods Frameworks */ = {
			isa = PBXShellScriptBuildPhase;
			buildActionMask = 2147483647;
			files = (
			);
			inputFileListPaths = (
				"${PODS_ROOT}/Target Support Files/Pods-babyPhoto3-babyPhoto3Tests/Pods-babyPhoto3-babyPhoto3Tests-frameworks-${CONFIGURATION}-input-files.xcfilelist",
			);
			name = "[CP] Embed Pods Frameworks";
			outputFileListPaths = (
				"${PODS_ROOT}/Target Support Files/Pods-babyPhoto3-babyPhoto3Tests/Pods-babyPhoto3-babyPhoto3Tests-frameworks-${CONFIGURATION}-output-files.xcfilelist",
			);
			runOnlyForDeploymentPostprocessing = 0;
			shellPath = /bin/sh;
			shellScript = "\"${PODS_ROOT}/Target Support Files/Pods-babyPhoto3-babyPhoto3Tests/Pods-babyPhoto3-babyPhoto3Tests-frameworks.sh\"\n";
			showEnvVarsInLog = 0;
		};
		E235C05ADACE081382539298 /* [CP] Copy Pods Resources */ = {
			isa = PBXShellScriptBuildPhase;
			buildActionMask = 2147483647;
			files = (
			);
			inputFileListPaths = (
				"${PODS_ROOT}/Target Support Files/Pods-babyPhoto3/Pods-babyPhoto3-resources-${CONFIGURATION}-input-files.xcfilelist",
			);
			name = "[CP] Copy Pods Resources";
			outputFileListPaths = (
				"${PODS_ROOT}/Target Support Files/Pods-babyPhoto3/Pods-babyPhoto3-resources-${CONFIGURATION}-output-files.xcfilelist",
			);
			runOnlyForDeploymentPostprocessing = 0;
			shellPath = /bin/sh;
			shellScript = "\"${PODS_ROOT}/Target Support Files/Pods-babyPhoto3/Pods-babyPhoto3-resources.sh\"\n";
			showEnvVarsInLog = 0;
		};
		F6A41C54EA430FDDC6A6ED99 /* [CP] Copy Pods Resources */ = {
			isa = PBXShellScriptBuildPhase;
			buildActionMask = 2147483647;
			files = (
			);
			inputFileListPaths = (
				"${PODS_ROOT}/Target Support Files/Pods-babyPhoto3-babyPhoto3Tests/Pods-babyPhoto3-babyPhoto3Tests-resources-${CONFIGURATION}-input-files.xcfilelist",
			);
			name = "[CP] Copy Pods Resources";
			outputFileListPaths = (
				"${PODS_ROOT}/Target Support Files/Pods-babyPhoto3-babyPhoto3Tests/Pods-babyPhoto3-babyPhoto3Tests-resources-${CONFIGURATION}-output-files.xcfilelist",
			);
			runOnlyForDeploymentPostprocessing = 0;
			shellPath = /bin/sh;
			shellScript = "\"${PODS_ROOT}/Target Support Files/Pods-babyPhoto3-babyPhoto3Tests/Pods-babyPhoto3-babyPhoto3Tests-resources.sh\"\n";
			showEnvVarsInLog = 0;
		};
		FD10A7F022414F080027D42C /* Start Packager */ = {
			isa = PBXShellScriptBuildPhase;
			buildActionMask = 2147483647;
			files = (
			);
			inputFileListPaths = (
			);
			inputPaths = (
			);
			name = "Start Packager";
			outputFileListPaths = (
			);
			outputPaths = (
			);
			runOnlyForDeploymentPostprocessing = 0;
			shellPath = /bin/sh;
			shellScript = "export RCT_METRO_PORT=\"${RCT_METRO_PORT:=8081}\"\necho \"export RCT_METRO_PORT=${RCT_METRO_PORT}\" > \"${SRCROOT}/../node_modules/react-native/scripts/.packager.env\"\nif [ -z \"${RCT_NO_LAUNCH_PACKAGER+xxx}\" ] ; then\n  if nc -w 5 -z localhost ${RCT_METRO_PORT} ; then\n    if ! curl -s \"http://localhost:${RCT_METRO_PORT}/status\" | grep -q \"packager-status:running\" ; then\n      echo \"Port ${RCT_METRO_PORT} already in use, packager is either not running or not running correctly\"\n      exit 2\n    fi\n  else\n    open \"$SRCROOT/../node_modules/react-native/scripts/launchPackager.command\" || echo \"Can't start packager automatically\"\n  fi\nfi\n";
			showEnvVarsInLog = 0;
		};
/* End PBXShellScriptBuildPhase section */

/* Begin PBXSourcesBuildPhase section */
		00E356EA1AD99517003FC87E /* Sources */ = {
			isa = PBXSourcesBuildPhase;
			buildActionMask = 2147483647;
			files = (
				00E356F31AD99517003FC87E /* babyPhoto3Tests.m in Sources */,
			);
			runOnlyForDeploymentPostprocessing = 0;
		};
		13B07F871A680F5B00A75B9A /* Sources */ = {
			isa = PBXSourcesBuildPhase;
			buildActionMask = 2147483647;
			files = (
				13B07FBC1A68108700A75B9A /* AppDelegate.mm in Sources */,
				13B07FC11A68108700A75B9A /* main.m in Sources */,
			);
			runOnlyForDeploymentPostprocessing = 0;
		};
/* End PBXSourcesBuildPhase section */

/* Begin PBXTargetDependency section */
		00E356F51AD99517003FC87E /* PBXTargetDependency */ = {
			isa = PBXTargetDependency;
			target = 13B07F861A680F5B00A75B9A /* babyPhoto3 */;
			targetProxy = 00E356F41AD99517003FC87E /* PBXContainerItemProxy */;
		};
/* End PBXTargetDependency section */

/* Begin XCBuildConfiguration section */
		00E356F61AD99517003FC87E /* Debug */ = {
			isa = XCBuildConfiguration;
			baseConfigurationReference = 5B7EB9410499542E8C5724F5 /* Pods-babyPhoto3-babyPhoto3Tests.debug.xcconfig */;
			buildSettings = {
				BUNDLE_LOADER = "$(TEST_HOST)";
				GCC_PREPROCESSOR_DEFINITIONS = (
					"DEBUG=1",
					"$(inherited)",
				);
				INFOPLIST_FILE = babyPhoto3Tests/Info.plist;
				IPHONEOS_DEPLOYMENT_TARGET = 11.0;
				LD_RUNPATH_SEARCH_PATHS = (
					"$(inherited)",
					"@executable_path/Frameworks",
					"@loader_path/Frameworks",
				);
				OTHER_LDFLAGS = (
					"-ObjC",
					"-lc++",
					"$(inherited)",
				);
				PRODUCT_BUNDLE_IDENTIFIER = "org.reactjs.native.example.$(PRODUCT_NAME:rfc1034identifier)";
				PRODUCT_NAME = "$(TARGET_NAME)";
				TEST_HOST = "$(BUILT_PRODUCTS_DIR)/babyPhoto3.app/babyPhoto3";
			};
			name = Debug;
		};
		00E356F71AD99517003FC87E /* Release */ = {
			isa = XCBuildConfiguration;
			baseConfigurationReference = 89C6BE57DB24E9ADA2F236DE /* Pods-babyPhoto3-babyPhoto3Tests.release.xcconfig */;
			buildSettings = {
				BUNDLE_LOADER = "$(TEST_HOST)";
				COPY_PHASE_STRIP = NO;
				INFOPLIST_FILE = babyPhoto3Tests/Info.plist;
				IPHONEOS_DEPLOYMENT_TARGET = 11.0;
				LD_RUNPATH_SEARCH_PATHS = (
					"$(inherited)",
					"@executable_path/Frameworks",
					"@loader_path/Frameworks",
				);
				OTHER_LDFLAGS = (
					"-ObjC",
					"-lc++",
					"$(inherited)",
				);
				PRODUCT_BUNDLE_IDENTIFIER = "org.reactjs.native.example.$(PRODUCT_NAME:rfc1034identifier)";
				PRODUCT_NAME = "$(TARGET_NAME)";
				TEST_HOST = "$(BUILT_PRODUCTS_DIR)/babyPhoto3.app/babyPhoto3";
			};
			name = Release;
		};
		13B07F941A680F5B00A75B9A /* Debug */ = {
			isa = XCBuildConfiguration;
			baseConfigurationReference = 3B4392A12AC88292D35C810B /* Pods-babyPhoto3.debug.xcconfig */;
			buildSettings = {
				ASSETCATALOG_COMPILER_APPICON_NAME = AppIcon;
				CLANG_ENABLE_MODULES = YES;
				CURRENT_PROJECT_VERSION = 1;
				ENABLE_BITCODE = NO;
				INFOPLIST_FILE = babyPhoto3/Info.plist;
				LD_RUNPATH_SEARCH_PATHS = (
					"$(inherited)",
					"@executable_path/Frameworks",
				);
				OTHER_LDFLAGS = (
					"$(inherited)",
					"-ObjC",
					"-lc++",
				);
				PRODUCT_BUNDLE_IDENTIFIER = "org.reactjs.native.example.$(PRODUCT_NAME:rfc1034identifier)";
				PRODUCT_NAME = babyPhoto3;
				SWIFT_OPTIMIZATION_LEVEL = "-Onone";
				SWIFT_VERSION = 5.0;
				VERSIONING_SYSTEM = "apple-generic";
			};
			name = Debug;
		};
		13B07F951A680F5B00A75B9A /* Release */ = {
			isa = XCBuildConfiguration;
			baseConfigurationReference = 5709B34CF0A7D63546082F79 /* Pods-babyPhoto3.release.xcconfig */;
			buildSettings = {
				ASSETCATALOG_COMPILER_APPICON_NAME = AppIcon;
				CLANG_ENABLE_MODULES = YES;
				CURRENT_PROJECT_VERSION = 1;
				INFOPLIST_FILE = babyPhoto3/Info.plist;
				LD_RUNPATH_SEARCH_PATHS = (
					"$(inherited)",
					"@executable_path/Frameworks",
				);
				OTHER_LDFLAGS = (
					"$(inherited)",
					"-ObjC",
					"-lc++",
				);
				PRODUCT_BUNDLE_IDENTIFIER = "org.reactjs.native.example.$(PRODUCT_NAME:rfc1034identifier)";
				PRODUCT_NAME = babyPhoto3;
				SWIFT_VERSION = 5.0;
				VERSIONING_SYSTEM = "apple-generic";
			};
			name = Release;
		};
		83CBBA201A601CBA00E9B192 /* Debug */ = {
			isa = XCBuildConfiguration;
			buildSettings = {
				ALWAYS_SEARCH_USER_PATHS = NO;
				CLANG_ANALYZER_LOCALIZABILITY_NONLOCALIZED = YES;
				CLANG_CXX_LANGUAGE_STANDARD = "c++17";
				CLANG_CXX_LIBRARY = "libc++";
				CLANG_ENABLE_MODULES = YES;
				CLANG_ENABLE_OBJC_ARC = YES;
				CLANG_WARN_BLOCK_CAPTURE_AUTORELEASING = YES;
				CLANG_WARN_BOOL_CONVERSION = YES;
				CLANG_WARN_COMMA = YES;
				CLANG_WARN_CONSTANT_CONVERSION = YES;
				CLANG_WARN_DEPRECATED_OBJC_IMPLEMENTATIONS = YES;
				CLANG_WARN_DIRECT_OBJC_ISA_USAGE = YES_ERROR;
				CLANG_WARN_EMPTY_BODY = YES;
				CLANG_WARN_ENUM_CONVERSION = YES;
				CLANG_WARN_INFINITE_RECURSION = YES;
				CLANG_WARN_INT_CONVERSION = YES;
				CLANG_WARN_NON_LITERAL_NULL_CONVERSION = YES;
				CLANG_WARN_OBJC_IMPLICIT_RETAIN_SELF = YES;
				CLANG_WARN_OBJC_LITERAL_CONVERSION = YES;
				CLANG_WARN_OBJC_ROOT_CLASS = YES_ERROR;
				CLANG_WARN_QUOTED_INCLUDE_IN_FRAMEWORK_HEADER = YES;
				CLANG_WARN_RANGE_LOOP_ANALYSIS = YES;
				CLANG_WARN_STRICT_PROTOTYPES = YES;
				CLANG_WARN_SUSPICIOUS_MOVE = YES;
				CLANG_WARN_UNREACHABLE_CODE = YES;
				CLANG_WARN__DUPLICATE_METHOD_MATCH = YES;
				"CODE_SIGN_IDENTITY[sdk=iphoneos*]" = "iPhone Developer";
				COPY_PHASE_STRIP = NO;
				ENABLE_STRICT_OBJC_MSGSEND = YES;
				ENABLE_TESTABILITY = YES;
				"EXCLUDED_ARCHS[sdk=iphonesimulator*]" = "";
				GCC_C_LANGUAGE_STANDARD = gnu99;
				GCC_DYNAMIC_NO_PIC = NO;
				GCC_NO_COMMON_BLOCKS = YES;
				GCC_OPTIMIZATION_LEVEL = 0;
				GCC_PREPROCESSOR_DEFINITIONS = (
					"DEBUG=1",
					"$(inherited)",
				);
				GCC_SYMBOLS_PRIVATE_EXTERN = NO;
				GCC_WARN_64_TO_32_BIT_CONVERSION = YES;
				GCC_WARN_ABOUT_RETURN_TYPE = YES_ERROR;
				GCC_WARN_UNDECLARED_SELECTOR = YES;
				GCC_WARN_UNINITIALIZED_AUTOS = YES_AGGRESSIVE;
				GCC_WARN_UNUSED_FUNCTION = YES;
				GCC_WARN_UNUSED_VARIABLE = YES;
				IPHONEOS_DEPLOYMENT_TARGET = 11.0;
				LD_RUNPATH_SEARCH_PATHS = (
					/usr/lib/swift,
					"$(inherited)",
				);
				LIBRARY_SEARCH_PATHS = (
					"\"$(SDKROOT)/usr/lib/swift\"",
					"\"$(TOOLCHAIN_DIR)/usr/lib/swift/$(PLATFORM_NAME)\"",
					"\"$(inherited)\"",
				);
				MTL_ENABLE_DEBUG_INFO = YES;
				ONLY_ACTIVE_ARCH = YES;
				OTHER_CPLUSPLUSFLAGS = (
					"$(OTHER_CFLAGS)",
					"-DFOLLY_NO_CONFIG",
					"-DFOLLY_MOBILE=1",
					"-DFOLLY_USE_LIBCPP=1",
				);
				SDKROOT = iphoneos;
			};
			name = Debug;
		};
		83CBBA211A601CBA00E9B192 /* Release */ = {
			isa = XCBuildConfiguration;
			buildSettings = {
				ALWAYS_SEARCH_USER_PATHS = NO;
				CLANG_ANALYZER_LOCALIZABILITY_NONLOCALIZED = YES;
				CLANG_CXX_LANGUAGE_STANDARD = "c++17";
				CLANG_CXX_LIBRARY = "libc++";
				CLANG_ENABLE_MODULES = YES;
				CLANG_ENABLE_OBJC_ARC = YES;
				CLANG_WARN_BLOCK_CAPTURE_AUTORELEASING = YES;
				CLANG_WARN_BOOL_CONVERSION = YES;
				CLANG_WARN_COMMA = YES;
				CLANG_WARN_CONSTANT_CONVERSION = YES;
				CLANG_WARN_DEPRECATED_OBJC_IMPLEMENTATIONS = YES;
				CLANG_WARN_DIRECT_OBJC_ISA_USAGE = YES_ERROR;
				CLANG_WARN_EMPTY_BODY = YES;
				CLANG_WARN_ENUM_CONVERSION = YES;
				CLANG_WARN_INFINITE_RECURSION = YES;
				CLANG_WARN_INT_CONVERSION = YES;
				CLANG_WARN_NON_LITERAL_NULL_CONVERSION = YES;
				CLANG_WARN_OBJC_IMPLICIT_RETAIN_SELF = YES;
				CLANG_WARN_OBJC_LITERAL_CONVERSION = YES;
				CLANG_WARN_OBJC_ROOT_CLASS = YES_ERROR;
				CLANG_WARN_QUOTED_INCLUDE_IN_FRAMEWORK_HEADER = YES;
				CLANG_WARN_RANGE_LOOP_ANALYSIS = YES;
				CLANG_WARN_STRICT_PROTOTYPES = YES;
				CLANG_WARN_SUSPICIOUS_MOVE = YES;
				CLANG_WARN_UNREACHABLE_CODE = YES;
				CLANG_WARN__DUPLICATE_METHOD_MATCH = YES;
				"CODE_SIGN_IDENTITY[sdk=iphoneos*]" = "iPhone Developer";
				COPY_PHASE_STRIP = YES;
				ENABLE_NS_ASSERTIONS = NO;
				ENABLE_STRICT_OBJC_MSGSEND = YES;
				"EXCLUDED_ARCHS[sdk=iphonesimulator*]" = "";
				GCC_C_LANGUAGE_STANDARD = gnu99;
				GCC_NO_COMMON_BLOCKS = YES;
				GCC_WARN_64_TO_32_BIT_CONVERSION = YES;
				GCC_WARN_ABOUT_RETURN_TYPE = YES_ERROR;
				GCC_WARN_UNDECLARED_SELECTOR = YES;
				GCC_WARN_UNINITIALIZED_AUTOS = YES_AGGRESSIVE;
				GCC_WARN_UNUSED_FUNCTION = YES;
				GCC_WARN_UNUSED_VARIABLE = YES;
				IPHONEOS_DEPLOYMENT_TARGET = 11.0;
				LD_RUNPATH_SEARCH_PATHS = (
					/usr/lib/swift,
					"$(inherited)",
				);
				LIBRARY_SEARCH_PATHS = (
					"\"$(SDKROOT)/usr/lib/swift\"",
					"\"$(TOOLCHAIN_DIR)/usr/lib/swift/$(PLATFORM_NAME)\"",
					"\"$(inherited)\"",
				);
				MTL_ENABLE_DEBUG_INFO = NO;
				OTHER_CPLUSPLUSFLAGS = (
					"$(OTHER_CFLAGS)",
					"-DFOLLY_NO_CONFIG",
					"-DFOLLY_MOBILE=1",
					"-DFOLLY_USE_LIBCPP=1",
				);
				SDKROOT = iphoneos;
				VALIDATE_PRODUCT = YES;
			};
			name = Release;
		};
/* End XCBuildConfiguration section */

/* Begin XCConfigurationList section */
		00E357021AD99517003FC87E /* Build configuration list for PBXNativeTarget "babyPhoto3Tests" */ = {
			isa = XCConfigurationList;
			buildConfigurations = (
				00E356F61AD99517003FC87E /* Debug */,
				00E356F71AD99517003FC87E /* Release */,
			);
			defaultConfigurationIsVisible = 0;
			defaultConfigurationName = Release;
		};
		13B07F931A680F5B00A75B9A /* Build configuration list for PBXNativeTarget "babyPhoto3" */ = {
			isa = XCConfigurationList;
			buildConfigurations = (
				13B07F941A680F5B00A75B9A /* Debug */,
				13B07F951A680F5B00A75B9A /* Release */,
			);
			defaultConfigurationIsVisible = 0;
			defaultConfigurationName = Release;
		};
		83CBB9FA1A601CBA00E9B192 /* Build configuration list for PBXProject "babyPhoto3" */ = {
			isa = XCConfigurationList;
			buildConfigurations = (
				83CBBA201A601CBA00E9B192 /* Debug */,
				83CBBA211A601CBA00E9B192 /* Release */,
			);
			defaultConfigurationIsVisible = 0;
			defaultConfigurationName = Release;
		};
/* End XCConfigurationList section */
	};
	rootObject = 83CBB9F71A601CBA00E9B192 /* Project object */;
}
